
Microsoft Visual Studio Solution File, Format Version 12.00
# Visual Studio 14
VisualStudioVersion = 14.0.25420.1
MinimumVisualStudioVersion = 10.0.40219.1
Project("{A07B5EB6-E848-4116-A8D0-A826331D98C6}") = "ServiceFabric.EventDriven", "ServiceFabric.EventDriven\ServiceFabric.EventDriven.sfproj", "{1DE9165F-C345-4A57-9B14-B35A8B2749D7}"
EndProject
Project("{FAE04EC0-301F-11D3-BF4B-00C04F79EFBC}") = "CustomerActor", "CustomerActor\CustomerActor.csproj", "{0155315E-81BB-451E-87C1-796342D7AB59}"
EndProject
Project("{FAE04EC0-301F-11D3-BF4B-00C04F79EFBC}") = "CustomerActor.Interfaces", "CustomerActor.Interfaces\CustomerActor.Interfaces.csproj", "{620F9956-733B-4AB6-87CD-3007BF287174}"
EndProject
Project("{FAE04EC0-301F-11D3-BF4B-00C04F79EFBC}") = "OrderActor", "OrderActor\OrderActor.csproj", "{75CC8D91-09EF-49E1-816A-CB4B81A065DA}"
EndProject
Project("{FAE04EC0-301F-11D3-BF4B-00C04F79EFBC}") = "OrderActor.Interfaces", "OrderActor.Interfaces\OrderActor.Interfaces.csproj", "{78591B5F-1A03-4413-A852-56A7E2E2CAC3}"
EndProject
Project("{FAE04EC0-301F-11D3-BF4B-00C04F79EFBC}") = "TestClient", "TestClient\TestClient.csproj", "{1DAA58FF-BEB1-4A59-A088-9B982E9F9E18}"
EndProject
Project("{FAE04EC0-301F-11D3-BF4B-00C04F79EFBC}") = "CustomerOrdersActor", "CustomerOrdersActor\CustomerOrdersActor.csproj", "{BAC2DDF3-D189-4CF9-BAAA-543357D39A27}"
EndProject
Project("{FAE04EC0-301F-11D3-BF4B-00C04F79EFBC}") = "CustomerOrdersActor.Interfaces", "CustomerOrdersActor.Interfaces\CustomerOrdersActor.Interfaces.csproj", "{0FE5D3BD-364A-47D2-A665-64C6EA30AD28}"
EndProject
Project("{FAE04EC0-301F-11D3-BF4B-00C04F79EFBC}") = "ShippingActor", "ShippingActor\ShippingActor.csproj", "{0723090F-CBC9-49B7-A0AB-D19EDA3C3DFA}"
EndProject
Project("{FAE04EC0-301F-11D3-BF4B-00C04F79EFBC}") = "ShippingActor.Interfaces", "ShippingActor.Interfaces\ShippingActor.Interfaces.csproj", "{6042EDB4-7288-487E-BD18-DA3548CE1F1F}"
EndProject
Global
	GlobalSection(SolutionConfigurationPlatforms) = preSolution
		Debug|Any CPU = Debug|Any CPU
		Debug|x64 = Debug|x64
		Release|Any CPU = Release|Any CPU
		Release|x64 = Release|x64
	EndGlobalSection
	GlobalSection(ProjectConfigurationPlatforms) = postSolution
		{1DE9165F-C345-4A57-9B14-B35A8B2749D7}.Debug|Any CPU.ActiveCfg = Debug|x64
		{1DE9165F-C345-4A57-9B14-B35A8B2749D7}.Debug|x64.ActiveCfg = Debug|x64
		{1DE9165F-C345-4A57-9B14-B35A8B2749D7}.Debug|x64.Build.0 = Debug|x64
		{1DE9165F-C345-4A57-9B14-B35A8B2749D7}.Debug|x64.Deploy.0 = Debug|x64
		{1DE9165F-C345-4A57-9B14-B35A8B2749D7}.Release|Any CPU.ActiveCfg = Release|x64
		{1DE9165F-C345-4A57-9B14-B35A8B2749D7}.Release|x64.ActiveCfg = Release|x64
		{1DE9165F-C345-4A57-9B14-B35A8B2749D7}.Release|x64.Build.0 = Release|x64
		{1DE9165F-C345-4A57-9B14-B35A8B2749D7}.Release|x64.Deploy.0 = Release|x64
		{0155315E-81BB-451E-87C1-796342D7AB59}.Debug|Any CPU.ActiveCfg = Debug|x64
		{0155315E-81BB-451E-87C1-796342D7AB59}.Debug|x64.ActiveCfg = Debug|x64
		{0155315E-81BB-451E-87C1-796342D7AB59}.Debug|x64.Build.0 = Debug|x64
		{0155315E-81BB-451E-87C1-796342D7AB59}.Release|Any CPU.ActiveCfg = Release|x64
		{0155315E-81BB-451E-87C1-796342D7AB59}.Release|x64.ActiveCfg = Release|x64
		{0155315E-81BB-451E-87C1-796342D7AB59}.Release|x64.Build.0 = Release|x64
		{620F9956-733B-4AB6-87CD-3007BF287174}.Debug|Any CPU.ActiveCfg = Debug|x64
		{620F9956-733B-4AB6-87CD-3007BF287174}.Debug|x64.ActiveCfg = Debug|x64
		{620F9956-733B-4AB6-87CD-3007BF287174}.Debug|x64.Build.0 = Debug|x64
		{620F9956-733B-4AB6-87CD-3007BF287174}.Release|Any CPU.ActiveCfg = Release|x64
		{620F9956-733B-4AB6-87CD-3007BF287174}.Release|x64.ActiveCfg = Release|x64
		{620F9956-733B-4AB6-87CD-3007BF287174}.Release|x64.Build.0 = Release|x64
		{75CC8D91-09EF-49E1-816A-CB4B81A065DA}.Debug|Any CPU.ActiveCfg = Debug|x64
		{75CC8D91-09EF-49E1-816A-CB4B81A065DA}.Debug|x64.ActiveCfg = Debug|x64
		{75CC8D91-09EF-49E1-816A-CB4B81A065DA}.Debug|x64.Build.0 = Debug|x64
		{75CC8D91-09EF-49E1-816A-CB4B81A065DA}.Release|Any CPU.ActiveCfg = Release|x64
		{75CC8D91-09EF-49E1-816A-CB4B81A065DA}.Release|x64.ActiveCfg = Release|x64
		{75CC8D91-09EF-49E1-816A-CB4B81A065DA}.Release|x64.Build.0 = Release|x64
		{78591B5F-1A03-4413-A852-56A7E2E2CAC3}.Debug|Any CPU.ActiveCfg = Debug|x64
		{78591B5F-1A03-4413-A852-56A7E2E2CAC3}.Debug|x64.ActiveCfg = Debug|x64
		{78591B5F-1A03-4413-A852-56A7E2E2CAC3}.Debug|x64.Build.0 = Debug|x64
		{78591B5F-1A03-4413-A852-56A7E2E2CAC3}.Release|Any CPU.ActiveCfg = Release|x64
		{78591B5F-1A03-4413-A852-56A7E2E2CAC3}.Release|x64.ActiveCfg = Release|x64
		{78591B5F-1A03-4413-A852-56A7E2E2CAC3}.Release|x64.Build.0 = Release|x64
		{1DAA58FF-BEB1-4A59-A088-9B982E9F9E18}.Debug|Any CPU.ActiveCfg = Debug|Any CPU
		{1DAA58FF-BEB1-4A59-A088-9B982E9F9E18}.Debug|Any CPU.Build.0 = Debug|Any CPU
		{1DAA58FF-BEB1-4A59-A088-9B982E9F9E18}.Debug|x64.ActiveCfg = Debug|Any CPU
		{1DAA58FF-BEB1-4A59-A088-9B982E9F9E18}.Debug|x64.Build.0 = Debug|Any CPU
		{1DAA58FF-BEB1-4A59-A088-9B982E9F9E18}.Release|Any CPU.ActiveCfg = Release|Any CPU
		{1DAA58FF-BEB1-4A59-A088-9B982E9F9E18}.Release|Any CPU.Build.0 = Release|Any CPU
		{1DAA58FF-BEB1-4A59-A088-9B982E9F9E18}.Release|x64.ActiveCfg = Release|Any CPU
		{1DAA58FF-BEB1-4A59-A088-9B982E9F9E18}.Release|x64.Build.0 = Release|Any CPU
		{BAC2DDF3-D189-4CF9-BAAA-543357D39A27}.Debug|Any CPU.ActiveCfg = Debug|x64
		{BAC2DDF3-D189-4CF9-BAAA-543357D39A27}.Debug|x64.ActiveCfg = Debug|x64
		{BAC2DDF3-D189-4CF9-BAAA-543357D39A27}.Debug|x64.Build.0 = Debug|x64
		{BAC2DDF3-D189-4CF9-BAAA-543357D39A27}.Release|Any CPU.ActiveCfg = Release|x64
		{BAC2DDF3-D189-4CF9-BAAA-543357D39A27}.Release|x64.ActiveCfg = Release|x64
		{BAC2DDF3-D189-4CF9-BAAA-543357D39A27}.Release|x64.Build.0 = Release|x64
		{0FE5D3BD-364A-47D2-A665-64C6EA30AD28}.Debug|Any CPU.ActiveCfg = Debug|x64
		{0FE5D3BD-364A-47D2-A665-64C6EA30AD28}.Debug|x64.ActiveCfg = Debug|x64
		{0FE5D3BD-364A-47D2-A665-64C6EA30AD28}.Debug|x64.Build.0 = Debug|x64
		{0FE5D3BD-364A-47D2-A665-64C6EA30AD28}.Release|Any CPU.ActiveCfg = Release|x64
		{0FE5D3BD-364A-47D2-A665-64C6EA30AD28}.Release|x64.ActiveCfg = Release|x64
		{0FE5D3BD-364A-47D2-A665-64C6EA30AD28}.Release|x64.Build.0 = Release|x64
		{0723090F-CBC9-49B7-A0AB-D19EDA3C3DFA}.Debug|Any CPU.ActiveCfg = Debug|x64
		{0723090F-CBC9-49B7-A0AB-D19EDA3C3DFA}.Debug|x64.ActiveCfg = Debug|x64
		{0723090F-CBC9-49B7-A0AB-D19EDA3C3DFA}.Debug|x64.Build.0 = Debug|x64
		{0723090F-CBC9-49B7-A0AB-D19EDA3C3DFA}.Release|Any CPU.ActiveCfg = Release|x64
		{0723090F-CBC9-49B7-A0AB-D19EDA3C3DFA}.Release|x64.ActiveCfg = Release|x64
		{0723090F-CBC9-49B7-A0AB-D19EDA3C3DFA}.Release|x64.Build.0 = Release|x64
		{6042EDB4-7288-487E-BD18-DA3548CE1F1F}.Debug|Any CPU.ActiveCfg = Debug|x64
		{6042EDB4-7288-487E-BD18-DA3548CE1F1F}.Debug|x64.ActiveCfg = Debug|x64
		{6042EDB4-7288-487E-BD18-DA3548CE1F1F}.Debug|x64.Build.0 = Debug|x64
		{6042EDB4-7288-487E-BD18-DA3548CE1F1F}.Release|Any CPU.ActiveCfg = Release|x64
		{6042EDB4-7288-487E-BD18-DA3548CE1F1F}.Release|x64.ActiveCfg = Release|x64
		{6042EDB4-7288-487E-BD18-DA3548CE1F1F}.Release|x64.Build.0 = Release|x64
	EndGlobalSection
	GlobalSection(SolutionProperties) = preSolution
		HideSolutionNode = FALSE
	EndGlobalSection
EndGlobal
